
Microsoft Visual Studio Solution File, Format Version 12.00
# Visual Studio Version 16
VisualStudioVersion = 16.0.32126.315
MinimumVisualStudioVersion = 10.0.40219.1
Project("{9A19103F-16F7-4668-BE54-9A1E7A4F7556}") = "Boomerang", "Boomerang.csproj", "{46D2E9D1-ACB9-4042-AB02-ABAC7945CC00}"
EndProject
Global
	GlobalSection(SolutionConfigurationPlatforms) = preSolution
		Debug|Any CPU = Debug|Any CPU
		Release|Any CPU = Release|Any CPU
	EndGlobalSection
	GlobalSection(ProjectConfigurationPlatforms) = postSolution
		{46D2E9D1-ACB9-4042-AB02-ABAC7945CC00}.Debug|Any CPU.ActiveCfg = Debug|Any CPU
		{46D2E9D1-ACB9-4042-AB02-ABAC7945CC00}.Debug|Any CPU.Build.0 = Debug|Any CPU
		{46D2E9D1-ACB9-4042-AB02-ABAC7945CC00}.Release|Any CPU.ActiveCfg = Release|Any CPU
		{46D2E9D1-ACB9-4042-AB02-ABAC7945CC00}.Release|Any CPU.Build.0 = Release|Any CPU
	EndGlobalSection
	GlobalSection(SolutionProperties) = preSolution
		HideSolutionNode = FALSE
	EndGlobalSection
	GlobalSection(ExtensibilityGlobals) = postSolution
		SolutionGuid = {6376AB0F-1F2E-4129-90AD-C9F4238AF045}
	EndGlobalSection
EndGlobal
